
Microsoft Visual Studio Solution File, Format Version 12.00
# Visual Studio Version 16
VisualStudioVersion = 16.0.32228.343
MinimumVisualStudioVersion = 10.0.40219.1
Project("{FAE04EC0-301F-11D3-BF4B-00C04F79EFBC}") = "Lonely Integer", "Lonely Integer\Lonely Integer.csproj", "{161E2E2E-DEA6-4C3D-9299-2C947FF025D7}"
EndProject
Global
	GlobalSection(SolutionConfigurationPlatforms) = preSolution
		Debug|Any CPU = Debug|Any CPU
		Release|Any CPU = Release|Any CPU
	EndGlobalSection
	GlobalSection(ProjectConfigurationPlatforms) = postSolution
		{161E2E2E-DEA6-4C3D-9299-2C947FF025D7}.Debug|Any CPU.ActiveCfg = Debug|Any CPU
		{161E2E2E-DEA6-4C3D-9299-2C947FF025D7}.Debug|Any CPU.Build.0 = Debug|Any CPU
		{161E2E2E-DEA6-4C3D-9299-2C947FF025D7}.Release|Any CPU.ActiveCfg = Release|Any CPU
		{161E2E2E-DEA6-4C3D-9299-2C947FF025D7}.Release|Any CPU.Build.0 = Release|Any CPU
	EndGlobalSection
	GlobalSection(SolutionProperties) = preSolution
		HideSolutionNode = FALSE
	EndGlobalSection
	GlobalSection(ExtensibilityGlobals) = postSolution
		SolutionGuid = {70FAF4E0-F5B7-40F4-90F6-03585CDD6C30}
	EndGlobalSection
EndGlobal
